
Microsoft Visual Studio Solution File, Format Version 11.00
# Visual Studio 2010
Project("{FAE04EC0-301F-11D3-BF4B-00C04F79EFBC}") = "IocPerfTest", "IocPerfTest\IocPerfTest.csproj", "{7AE84946-4B8F-4762-B2F5-26083E130B97}"
EndProject
Global
	GlobalSection(SolutionConfigurationPlatforms) = preSolution
		Debug|x86 = Debug|x86
		Release|x86 = Release|x86
	EndGlobalSection
	GlobalSection(ProjectConfigurationPlatforms) = postSolution
		{7AE84946-4B8F-4762-B2F5-26083E130B97}.Debug|x86.ActiveCfg = Debug|x86
		{7AE84946-4B8F-4762-B2F5-26083E130B97}.Debug|x86.Build.0 = Debug|x86
		{7AE84946-4B8F-4762-B2F5-26083E130B97}.Release|x86.ActiveCfg = Release|x86
		{7AE84946-4B8F-4762-B2F5-26083E130B97}.Release|x86.Build.0 = Release|x86
	EndGlobalSection
	GlobalSection(SolutionProperties) = preSolution
		HideSolutionNode = FALSE
	EndGlobalSection
EndGlobal
